
Microsoft Visual Studio Solution File, Format Version 12.00
# Visual Studio Version 17
VisualStudioVersion = 17.4.33110.190
MinimumVisualStudioVersion = 10.0.40219.1
Project("{9A19103F-16F7-4668-BE54-9A1E7A4F7556}") = "LaSdeCSharpLibrary", "LaSdeCSharpLibrary\LaSdeCSharpLibrary.csproj", "{20AC79B2-BCF3-4334-9B33-AA7E08485108}"
EndProject
Project("{9A19103F-16F7-4668-BE54-9A1E7A4F7556}") = "LaSdeCSharpConsole", "LaSdeCSharpConsole\LaSdeCSharpConsole.csproj", "{CFA5ADCD-368B-4298-9EEE-319282E96676}"
EndProject
Project("{9A19103F-16F7-4668-BE54-9A1E7A4F7556}") = "LaSdeCSharpWpf", "LaSdeCSharpWpf\LaSdeCSharpWpf.csproj", "{12024C3A-F5B0-4ED1-ADAF-5D5CA4F75A91}"
EndProject
Project("{9A19103F-16F7-4668-BE54-9A1E7A4F7556}") = "LaSdeCSharpLibraryTest", "LaSdeCSharpLibraryTest\LaSdeCSharpLibraryTest.csproj", "{E21C447D-BB22-42D3-A353-9E9725A5B89F}"
EndProject
Project("{2150E333-8FDC-42A3-9474-1A3956D46DE8}") = "Doc", "Doc", "{286341BC-44B4-4C0A-B1AA-489D0F3F900B}"
	ProjectSection(SolutionItems) = preProject
		..\..\doc\Markdown\NotesOnProject.md = ..\..\doc\Markdown\NotesOnProject.md
		..\..\doc\Markdown\TaskList.md = ..\..\doc\Markdown\TaskList.md
	EndProjectSection
EndProject
Project("{FAE04EC0-301F-11D3-BF4B-00C04F79EFBC}") = "LaSdeCSharpSandbox", "LaSdeCSharpSandbox\LaSdeCSharpSandbox.csproj", "{48BE5C87-7E83-4578-8231-44F46BBF1E03}"
EndProject
Global
	GlobalSection(SolutionConfigurationPlatforms) = preSolution
		Debug|Any CPU = Debug|Any CPU
		Release|Any CPU = Release|Any CPU
	EndGlobalSection
	GlobalSection(ProjectConfigurationPlatforms) = postSolution
		{20AC79B2-BCF3-4334-9B33-AA7E08485108}.Debug|Any CPU.ActiveCfg = Debug|Any CPU
		{20AC79B2-BCF3-4334-9B33-AA7E08485108}.Debug|Any CPU.Build.0 = Debug|Any CPU
		{20AC79B2-BCF3-4334-9B33-AA7E08485108}.Release|Any CPU.ActiveCfg = Release|Any CPU
		{20AC79B2-BCF3-4334-9B33-AA7E08485108}.Release|Any CPU.Build.0 = Release|Any CPU
		{CFA5ADCD-368B-4298-9EEE-319282E96676}.Debug|Any CPU.ActiveCfg = Debug|Any CPU
		{CFA5ADCD-368B-4298-9EEE-319282E96676}.Debug|Any CPU.Build.0 = Debug|Any CPU
		{CFA5ADCD-368B-4298-9EEE-319282E96676}.Release|Any CPU.ActiveCfg = Release|Any CPU
		{CFA5ADCD-368B-4298-9EEE-319282E96676}.Release|Any CPU.Build.0 = Release|Any CPU
		{12024C3A-F5B0-4ED1-ADAF-5D5CA4F75A91}.Debug|Any CPU.ActiveCfg = Debug|Any CPU
		{12024C3A-F5B0-4ED1-ADAF-5D5CA4F75A91}.Debug|Any CPU.Build.0 = Debug|Any CPU
		{12024C3A-F5B0-4ED1-ADAF-5D5CA4F75A91}.Release|Any CPU.ActiveCfg = Release|Any CPU
		{12024C3A-F5B0-4ED1-ADAF-5D5CA4F75A91}.Release|Any CPU.Build.0 = Release|Any CPU
		{E21C447D-BB22-42D3-A353-9E9725A5B89F}.Debug|Any CPU.ActiveCfg = Debug|Any CPU
		{E21C447D-BB22-42D3-A353-9E9725A5B89F}.Debug|Any CPU.Build.0 = Debug|Any CPU
		{E21C447D-BB22-42D3-A353-9E9725A5B89F}.Release|Any CPU.ActiveCfg = Release|Any CPU
		{E21C447D-BB22-42D3-A353-9E9725A5B89F}.Release|Any CPU.Build.0 = Release|Any CPU
		{48BE5C87-7E83-4578-8231-44F46BBF1E03}.Debug|Any CPU.ActiveCfg = Debug|Any CPU
		{48BE5C87-7E83-4578-8231-44F46BBF1E03}.Debug|Any CPU.Build.0 = Debug|Any CPU
		{48BE5C87-7E83-4578-8231-44F46BBF1E03}.Release|Any CPU.ActiveCfg = Release|Any CPU
		{48BE5C87-7E83-4578-8231-44F46BBF1E03}.Release|Any CPU.Build.0 = Release|Any CPU
	EndGlobalSection
	GlobalSection(SolutionProperties) = preSolution
		HideSolutionNode = FALSE
	EndGlobalSection
	GlobalSection(ExtensibilityGlobals) = postSolution
		SolutionGuid = {325E6E60-9655-4272-928A-303A4D622190}
	EndGlobalSection
EndGlobal
